
Microsoft Visual Studio Solution File, Format Version 12.00
# Visual Studio Version 16
VisualStudioVersion = 16.0.30114.105
MinimumVisualStudioVersion = 10.0.40219.1
Project("{FAE04EC0-301F-11D3-BF4B-00C04F79EFBC}") = "AP_HaVanVu", "AP_HaVanVu.csproj", "{03E0D04B-2BCB-40D4-8548-BDCE5A55F71A}"
EndProject
Global
	GlobalSection(SolutionConfigurationPlatforms) = preSolution
		Debug|Any CPU = Debug|Any CPU
		Release|Any CPU = Release|Any CPU
	EndGlobalSection
	GlobalSection(ProjectConfigurationPlatforms) = postSolution
		{03E0D04B-2BCB-40D4-8548-BDCE5A55F71A}.Debug|Any CPU.ActiveCfg = Debug|Any CPU
		{03E0D04B-2BCB-40D4-8548-BDCE5A55F71A}.Debug|Any CPU.Build.0 = Debug|Any CPU
		{03E0D04B-2BCB-40D4-8548-BDCE5A55F71A}.Release|Any CPU.ActiveCfg = Release|Any CPU
		{03E0D04B-2BCB-40D4-8548-BDCE5A55F71A}.Release|Any CPU.Build.0 = Release|Any CPU
	EndGlobalSection
	GlobalSection(SolutionProperties) = preSolution
		HideSolutionNode = FALSE
	EndGlobalSection
	GlobalSection(ExtensibilityGlobals) = postSolution
		SolutionGuid = {BEDBB808-EDEC-4B26-82A6-A803BD875EB2}
	EndGlobalSection
EndGlobal
